
Microsoft Visual Studio Solution File, Format Version 12.00
# Visual Studio Version 17
VisualStudioVersion = 17.11.35312.102
MinimumVisualStudioVersion = 10.0.40219.1
Project("{9A19103F-16F7-4668-BE54-9A1E7A4F7556}") = "WhatsappAIReply", "WhatsappAiReply\WhatsappAIReply.csproj", "{81C173EC-3CD7-4640-93DC-49187A6CC79A}"
EndProject
Global
	GlobalSection(SolutionConfigurationPlatforms) = preSolution
		Debug|Any CPU = Debug|Any CPU
		Release|Any CPU = Release|Any CPU
	EndGlobalSection
	GlobalSection(ProjectConfigurationPlatforms) = postSolution
		{81C173EC-3CD7-4640-93DC-49187A6CC79A}.Debug|Any CPU.ActiveCfg = Debug|Any CPU
		{81C173EC-3CD7-4640-93DC-49187A6CC79A}.Debug|Any CPU.Build.0 = Debug|Any CPU
		{81C173EC-3CD7-4640-93DC-49187A6CC79A}.Release|Any CPU.ActiveCfg = Release|Any CPU
		{81C173EC-3CD7-4640-93DC-49187A6CC79A}.Release|Any CPU.Build.0 = Release|Any CPU
	EndGlobalSection
	GlobalSection(SolutionProperties) = preSolution
		HideSolutionNode = FALSE
	EndGlobalSection
	GlobalSection(ExtensibilityGlobals) = postSolution
		SolutionGuid = {CDFBA7C5-D757-492B-B24B-FCE7D07D0434}
	EndGlobalSection
EndGlobal
